Microsoft Visual Studio Solution File, Format Version 12.00
# Visual Studio Version 16
VisualStudioVersion = 16.0.0.0
MinimumVisualStudioVersion = 16.0.0.0
Project("{9A19103F-16F7-4668-BE54-9A1E7A4F7556}") = "BlazorMobileTest", "BlazorMobileTest\BlazorMobileTest.csproj", "{632393A1-4F6D-493C-A89E-E81DC236DB5B}"
EndProject
Project("{FAE04EC0-301F-11D3-BF4B-00C04F79EFBC}") = "BlazorMobileTest.Android", "BlazorMobileTest.Android\BlazorMobileTest.Android.csproj", "{CAB11967-9995-435E-93FF-89A41C5D1338}"
EndProject
Project("{FAE04EC0-301F-11D3-BF4B-00C04F79EFBC}") = "BlazorMobileTest.iOS", "BlazorMobileTest.iOS\BlazorMobileTest.iOS.csproj", "{2DD670BB-74EF-4249-B084-FCEBD354BF45}"
EndProject
Global
	GlobalSection(SolutionConfigurationPlatforms) = preSolution
		Debug|Any CPU = Debug|Any CPU
		Debug|iPhone = Debug|iPhone
		Debug|iPhoneSimulator = Debug|iPhoneSimulator
		Debug|x64 = Debug|x64
		Debug|x86 = Debug|x86
		Release|Any CPU = Release|Any CPU
		Release|iPhone = Release|iPhone
		Release|iPhoneSimulator = Release|iPhoneSimulator
		Release|x64 = Release|x64
		Release|x86 = Release|x86
	EndGlobalSection
	GlobalSection(ProjectConfigurationPlatforms) = postSolution
		{632393A1-4F6D-493C-A89E-E81DC236DB5B}.Debug|Any CPU.ActiveCfg = Debug|Any CPU
		{632393A1-4F6D-493C-A89E-E81DC236DB5B}.Debug|Any CPU.Build.0 = Debug|Any CPU
		{632393A1-4F6D-493C-A89E-E81DC236DB5B}.Debug|iPhone.ActiveCfg = Debug|Any CPU
		{632393A1-4F6D-493C-A89E-E81DC236DB5B}.Debug|iPhone.Build.0 = Debug|Any CPU
		{632393A1-4F6D-493C-A89E-E81DC236DB5B}.Debug|iPhoneSimulator.ActiveCfg = Debug|Any CPU
		{632393A1-4F6D-493C-A89E-E81DC236DB5B}.Debug|iPhoneSimulator.Build.0 = Debug|Any CPU
		{632393A1-4F6D-493C-A89E-E81DC236DB5B}.Debug|x64.ActiveCfg = Debug|Any CPU
		{632393A1-4F6D-493C-A89E-E81DC236DB5B}.Debug|x64.Build.0 = Debug|Any CPU
		{632393A1-4F6D-493C-A89E-E81DC236DB5B}.Debug|x86.ActiveCfg = Debug|Any CPU
		{632393A1-4F6D-493C-A89E-E81DC236DB5B}.Debug|x86.Build.0 = Debug|Any CPU
		{632393A1-4F6D-493C-A89E-E81DC236DB5B}.Release|Any CPU.ActiveCfg = Release|Any CPU
		{632393A1-4F6D-493C-A89E-E81DC236DB5B}.Release|Any CPU.Build.0 = Release|Any CPU
		{632393A1-4F6D-493C-A89E-E81DC236DB5B}.Release|iPhone.ActiveCfg = Release|Any CPU
		{632393A1-4F6D-493C-A89E-E81DC236DB5B}.Release|iPhone.Build.0 = Release|Any CPU
		{632393A1-4F6D-493C-A89E-E81DC236DB5B}.Release|iPhoneSimulator.ActiveCfg = Release|Any CPU
		{632393A1-4F6D-493C-A89E-E81DC236DB5B}.Release|iPhoneSimulator.Build.0 = Release|Any CPU
		{632393A1-4F6D-493C-A89E-E81DC236DB5B}.Release|x64.ActiveCfg = Release|Any CPU
		{632393A1-4F6D-493C-A89E-E81DC236DB5B}.Release|x64.Build.0 = Release|Any CPU
		{632393A1-4F6D-493C-A89E-E81DC236DB5B}.Release|x86.ActiveCfg = Release|Any CPU
		{632393A1-4F6D-493C-A89E-E81DC236DB5B}.Release|x86.Build.0 = Release|Any CPU
		{CAB11967-9995-435E-93FF-89A41C5D1338}.Debug|Any CPU.ActiveCfg = Debug|Any CPU
		{CAB11967-9995-435E-93FF-89A41C5D1338}.Debug|Any CPU.Build.0 = Debug|Any CPU
		{CAB11967-9995-435E-93FF-89A41C5D1338}.Debug|Any CPU.Deploy.0 = Debug|Any CPU
		{CAB11967-9995-435E-93FF-89A41C5D1338}.Debug|iPhone.ActiveCfg = Debug|Any CPU
		{CAB11967-9995-435E-93FF-89A41C5D1338}.Debug|iPhone.Build.0 = Debug|Any CPU
		{CAB11967-9995-435E-93FF-89A41C5D1338}.Debug|iPhone.Deploy.0 = Debug|Any CPU
		{CAB11967-9995-435E-93FF-89A41C5D1338}.Debug|iPhoneSimulator.ActiveCfg = Debug|Any CPU
		{CAB11967-9995-435E-93FF-89A41C5D1338}.Debug|iPhoneSimulator.Build.0 = Debug|Any CPU
		{CAB11967-9995-435E-93FF-89A41C5D1338}.Debug|iPhoneSimulator.Deploy.0 = Debug|Any CPU
		{CAB11967-9995-435E-93FF-89A41C5D1338}.Debug|x64.ActiveCfg = Debug|Any CPU
		{CAB11967-9995-435E-93FF-89A41C5D1338}.Debug|x64.Build.0 = Debug|Any CPU
		{CAB11967-9995-435E-93FF-89A41C5D1338}.Debug|x64.Deploy.0 = Debug|Any CPU
		{CAB11967-9995-435E-93FF-89A41C5D1338}.Debug|x86.ActiveCfg = Debug|Any CPU
		{CAB11967-9995-435E-93FF-89A41C5D1338}.Debug|x86.Build.0 = Debug|Any CPU
		{CAB11967-9995-435E-93FF-89A41C5D1338}.Debug|x86.Deploy.0 = Debug|Any CPU
		{CAB11967-9995-435E-93FF-89A41C5D1338}.Release|Any CPU.ActiveCfg = Release|Any CPU
		{CAB11967-9995-435E-93FF-89A41C5D1338}.Release|Any CPU.Build.0 = Release|Any CPU
		{CAB11967-9995-435E-93FF-89A41C5D1338}.Release|Any CPU.Deploy.0 = Release|Any CPU
		{CAB11967-9995-435E-93FF-89A41C5D1338}.Release|iPhone.ActiveCfg = Release|Any CPU
		{CAB11967-9995-435E-93FF-89A41C5D1338}.Release|iPhone.Build.0 = Release|Any CPU
		{CAB11967-9995-435E-93FF-89A41C5D1338}.Release|iPhone.Deploy.0 = Release|Any CPU
		{CAB11967-9995-435E-93FF-89A41C5D1338}.Release|iPhoneSimulator.ActiveCfg = Release|Any CPU
		{CAB11967-9995-435E-93FF-89A41C5D1338}.Release|iPhoneSimulator.Build.0 = Release|Any CPU
		{CAB11967-9995-435E-93FF-89A41C5D1338}.Release|iPhoneSimulator.Deploy.0 = Release|Any CPU
		{CAB11967-9995-435E-93FF-89A41C5D1338}.Release|x64.ActiveCfg = Release|Any CPU
		{CAB11967-9995-435E-93FF-89A41C5D1338}.Release|x64.Build.0 = Release|Any CPU
		{CAB11967-9995-435E-93FF-89A41C5D1338}.Release|x64.Deploy.0 = Release|Any CPU
		{CAB11967-9995-435E-93FF-89A41C5D1338}.Release|x86.ActiveCfg = Release|Any CPU
		{CAB11967-9995-435E-93FF-89A41C5D1338}.Release|x86.Build.0 = Release|Any CPU
		{CAB11967-9995-435E-93FF-89A41C5D1338}.Release|x86.Deploy.0 = Release|Any CPU
		{2DD670BB-74EF-4249-B084-FCEBD354BF45}.Debug|Any CPU.ActiveCfg = Debug|iPhone
		{2DD670BB-74EF-4249-B084-FCEBD354BF45}.Debug|iPhone.ActiveCfg = Debug|iPhone
		{2DD670BB-74EF-4249-B084-FCEBD354BF45}.Debug|iPhone.Build.0 = Debug|iPhone
		{2DD670BB-74EF-4249-B084-FCEBD354BF45}.Debug|iPhoneSimulator.ActiveCfg = Debug|iPhoneSimulator
		{2DD670BB-74EF-4249-B084-FCEBD354BF45}.Debug|iPhoneSimulator.Build.0 = Debug|iPhoneSimulator
		{2DD670BB-74EF-4249-B084-FCEBD354BF45}.Debug|x64.ActiveCfg = Debug|iPhone
		{2DD670BB-74EF-4249-B084-FCEBD354BF45}.Debug|x86.ActiveCfg = Debug|iPhone
		{2DD670BB-74EF-4249-B084-FCEBD354BF45}.Release|Any CPU.ActiveCfg = Release|iPhone
		{2DD670BB-74EF-4249-B084-FCEBD354BF45}.Release|iPhone.ActiveCfg = Release|iPhone
		{2DD670BB-74EF-4249-B084-FCEBD354BF45}.Release|iPhone.Build.0 = Release|iPhone
		{2DD670BB-74EF-4249-B084-FCEBD354BF45}.Release|iPhoneSimulator.ActiveCfg = Release|iPhoneSimulator
		{2DD670BB-74EF-4249-B084-FCEBD354BF45}.Release|iPhoneSimulator.Build.0 = Release|iPhoneSimulator
		{2DD670BB-74EF-4249-B084-FCEBD354BF45}.Release|x64.ActiveCfg = Release|iPhone
		{2DD670BB-74EF-4249-B084-FCEBD354BF45}.Release|x86.ActiveCfg = Release|iPhone
	EndGlobalSection
	GlobalSection(SolutionProperties) = preSolution
		HideSolutionNode = FALSE
	EndGlobalSection
	GlobalSection(ExtensibilityGlobals) = postSolution
		SolutionGuid = {56922FF8-EB81-453B-B8F0-72AF59F99B68}
	EndGlobalSection
EndGlobal
